
Microsoft Visual Studio Solution File, Format Version 12.00
# Visual Studio Version 17
VisualStudioVersion = 17.5.33502.453
MinimumVisualStudioVersion = 10.0.40219.1
Project("{9A19103F-16F7-4668-BE54-9A1E7A4F7556}") = "MusicAPI", "MusicAPI\MusicAPI.csproj", "{14D74889-C949-41C7-B4A3-F6E755D39FD9}"
EndProject
Project("{FAE04EC0-301F-11D3-BF4B-00C04F79EFBC}") = "MusicAPI.Models", "MusicAPI.Models\MusicAPI.Models.csproj", "{B579CC37-F493-426C-B068-A60FB34E70CF}"
EndProject
Project("{FAE04EC0-301F-11D3-BF4B-00C04F79EFBC}") = "MusicAPI.Data", "MusicAPI.Data\MusicAPI.Data.csproj", "{5DAE870A-74AF-4ECE-8517-96D6BA95E082}"
EndProject
Global
	GlobalSection(SolutionConfigurationPlatforms) = preSolution
		Debug|Any CPU = Debug|Any CPU
		Release|Any CPU = Release|Any CPU
	EndGlobalSection
	GlobalSection(ProjectConfigurationPlatforms) = postSolution
		{14D74889-C949-41C7-B4A3-F6E755D39FD9}.Debug|Any CPU.ActiveCfg = Debug|Any CPU
		{14D74889-C949-41C7-B4A3-F6E755D39FD9}.Debug|Any CPU.Build.0 = Debug|Any CPU
		{14D74889-C949-41C7-B4A3-F6E755D39FD9}.Release|Any CPU.ActiveCfg = Release|Any CPU
		{14D74889-C949-41C7-B4A3-F6E755D39FD9}.Release|Any CPU.Build.0 = Release|Any CPU
		{B579CC37-F493-426C-B068-A60FB34E70CF}.Debug|Any CPU.ActiveCfg = Debug|Any CPU
		{B579CC37-F493-426C-B068-A60FB34E70CF}.Debug|Any CPU.Build.0 = Debug|Any CPU
		{B579CC37-F493-426C-B068-A60FB34E70CF}.Release|Any CPU.ActiveCfg = Release|Any CPU
		{B579CC37-F493-426C-B068-A60FB34E70CF}.Release|Any CPU.Build.0 = Release|Any CPU
		{5DAE870A-74AF-4ECE-8517-96D6BA95E082}.Debug|Any CPU.ActiveCfg = Debug|Any CPU
		{5DAE870A-74AF-4ECE-8517-96D6BA95E082}.Debug|Any CPU.Build.0 = Debug|Any CPU
		{5DAE870A-74AF-4ECE-8517-96D6BA95E082}.Release|Any CPU.ActiveCfg = Release|Any CPU
		{5DAE870A-74AF-4ECE-8517-96D6BA95E082}.Release|Any CPU.Build.0 = Release|Any CPU
	EndGlobalSection
	GlobalSection(SolutionProperties) = preSolution
		HideSolutionNode = FALSE
	EndGlobalSection
	GlobalSection(ExtensibilityGlobals) = postSolution
		SolutionGuid = {7AC46469-3A53-4240-AEC3-2DA07ABCDC68}
	EndGlobalSection
EndGlobal
